
Microsoft Visual Studio Solution File, Format Version 12.00
# Visual Studio Version 17
VisualStudioVersion = 17.3.32901.215
MinimumVisualStudioVersion = 10.0.40219.1
Project("{9A19103F-16F7-4668-BE54-9A1E7A4F7556}") = "ReduceGenderBiasInFeedbackTool", "ReduceGenderBiasInFeedbackTool\ReduceGenderBiasInFeedbackTool.csproj", "{465C0642-148B-449F-9FBC-9E5270AD9B00}"
EndProject
Global
	GlobalSection(SolutionConfigurationPlatforms) = preSolution
		Debug|Any CPU = Debug|Any CPU
		Release|Any CPU = Release|Any CPU
	EndGlobalSection
	GlobalSection(ProjectConfigurationPlatforms) = postSolution
		{465C0642-148B-449F-9FBC-9E5270AD9B00}.Debug|Any CPU.ActiveCfg = Debug|Any CPU
		{465C0642-148B-449F-9FBC-9E5270AD9B00}.Debug|Any CPU.Build.0 = Debug|Any CPU
		{465C0642-148B-449F-9FBC-9E5270AD9B00}.Release|Any CPU.ActiveCfg = Release|Any CPU
		{465C0642-148B-449F-9FBC-9E5270AD9B00}.Release|Any CPU.Build.0 = Release|Any CPU
	EndGlobalSection
	GlobalSection(SolutionProperties) = preSolution
		HideSolutionNode = FALSE
	EndGlobalSection
	GlobalSection(ExtensibilityGlobals) = postSolution
		SolutionGuid = {B0B14B77-18C4-43BB-AD65-C1F3DCA427A4}
	EndGlobalSection
EndGlobal
